# axis_version.lock -- GN-8/O-4 content-digest tripwire (PAKET W3-C, Ledger Sec.32-F4)
# format: v1
# fields per line: <algo_version> <sha256-hex> <relative-path>
1 fa83541946504463f5e5690c62188be67ebb458a31e13a1c47f85296632e481e libs/cache_engine/heuristik/axis_optimization_catalog.hpp
1 854cc453f715eff63dbbcff93b26242b6ee59eddb56edd41487b28c5c66c067c libs/cache_engine/heuristik/axis_spline.hpp
2 4419e7aa615178bb2cb6b38c6be7dab4450c48884c36f96c7e1ad8d2b0deef01 libs/cache_engine/heuristik/break_even.hpp
2 c9dd1a8ebeb70013fc5dbf4cf28d2552d8730dde9e5696771449b8183ee76e62 libs/cache_engine/heuristik/measurement_curve_loader.hpp
1 18e7adb5b3c7d255747f0f4d471db3c0ef7610d0f401f050693eb7a6693cc512 libs/cache_engine/heuristik/workload_cluster_offline.hpp
1 4d618f9f9a21c0e6f52df38803fb377ba6d29f14f77d339795983c5a8a48e1da libs/cache_engine/heuristik/workload_feature_vector.hpp
