# axis_version.lock -- content-digest tripwire ueber die algo_version-Traeger (S-14a Riegel, Task #33/KON17-03; vormals PAKET W3-C GN-8/O-4)
# format: v2
# fields per line: <category> <version> <sha256-hex> <relative-path>
#   heuristik: version = Integer aus dem '// AXIS_ALGO_VERSION: <N>'-Marker (0 = kein Marker)
#   organ:     version = erstes algo_version-String-Literal 'X.Y.Z[.flags]' im Code;
#              '-' = kein Literal (Forwarder/Prosa; digest-only, Aenderung verlangt
#              bewussten Lock-Regen-Commit via --write)
# Formatwahl v2: Kategorie-Spalte + Versions-STRING statt v1-Integer-Spalte; v1-Locks
# werden beim --check mit klarer Meldung abgewiesen (kein stilles Weiterlesen).
organ 1.0.2.c e47d400c19ea9b8ecebe3d1e13f98a8b10c7364dcce8e0ab7a708981da6a1323 libs/cache_engine/axes/alloc/axis_06_allocator_buddy.hpp
organ 1.0.2.c ee6427e43c8de26d67e401b667c4f94383c3e6edd01a53f47dc43f0dae75c9b8 libs/cache_engine/axes/alloc/axis_06_allocator_cama.hpp
organ 1.0.2.c 80d56f0b9ef9051359e15314c96980d672b4e3c0287174487d419ac6f8037b7d libs/cache_engine/axes/alloc/axis_06_allocator_crystalline.hpp
organ 1.0.2.c 2235f342dd0c4898620f586d431d4c2d0f0286b72bf3d03feec731372d78f851 libs/cache_engine/axes/alloc/axis_06_allocator_dlmalloc.hpp
organ 1.0.2.c 4947e95b4691f915e7278f790955fc2e979b7fe7bd3c39da9a5f2d6eba966849 libs/cache_engine/axes/alloc/axis_06_allocator_exgen.hpp
organ 1.0.2.c f667da8e356f5531bb234a095fbae90f9113432fb6bf659bb0d74a74ec7b62b7 libs/cache_engine/axes/alloc/axis_06_allocator_hmalloc.hpp
organ 1.0.2.c 6069a76c7079e1d81a0e22656c12023f9d5a44ac3f1bf8c3a2365a9a11001df8 libs/cache_engine/axes/alloc/axis_06_allocator_hoard.hpp
organ 1.0.2.c 66b6fa815c36c29e367ff2f71606621b047e7a452fc1a3c5baa3f8ddb6186012 libs/cache_engine/axes/alloc/axis_06_allocator_jemalloc.hpp
organ 1.0.2.c 744fc76c89244387759b8147624a5ea5bc08c84fe9142c9f5593739277c20957 libs/cache_engine/axes/alloc/axis_06_allocator_lrmalloc.hpp
organ 1.0.2.c 05d1a2fc887f39d6cd4e663af736286ea6e673dd0ce25fa576e55be330c70c12 libs/cache_engine/axes/alloc/axis_06_allocator_michael_lf.hpp
organ 1.0.2.c b22bdec0f687b51a246625090b3ee5155718bb93922633ef0a411394861bf094 libs/cache_engine/axes/alloc/axis_06_allocator_mimalloc.hpp
organ 1.0.2.c ece625e300d8eaee6090e1abd62f9aa1e54e7f0181ccb835301e595f13b59f08 libs/cache_engine/axes/alloc/axis_06_allocator_numalloc.hpp
organ 1.0.2.c f2ebbe993c75fe405f09650c5d90a55f289dc9ae3d994a3a6891bad1e091d426 libs/cache_engine/axes/alloc/axis_06_allocator_pim_malloc.hpp
organ 1.0.1.c 74874484f7a054ae32dd42a8f25ca9481203363ebc1b45b2c106e418727f151c libs/cache_engine/axes/alloc/axis_06_allocator_pmr_resource.hpp
organ 1.0.2.c f877843572426a2e3041f9316cfef9416e026c849978d1add29f6f718a513de2 libs/cache_engine/axes/alloc/axis_06_allocator_pool_resource.hpp
organ 1.0.2.c 36687f84c3c9cce015d123c043e8e7ce72ee7f46b8b0f6881ca3c5aae5f7bd7a libs/cache_engine/axes/alloc/axis_06_allocator_ptmalloc2.hpp
organ 1.0.2.c a3ef87a35c9fda3008e5fcadd12fa396f1b9306cabd7f0a03b674a965c28187a libs/cache_engine/axes/alloc/axis_06_allocator_rpmalloc.hpp
organ 1.0.2.c e576bdda502fb8afb4c2aca6a078e700190c9e75f43e9bed5b6b7cbe930d94d4 libs/cache_engine/axes/alloc/axis_06_allocator_scalloc.hpp
organ 1.0.2.c 739b3e5d5d08104a4ccbabd0dfc1b97687e88de2d21267ef6e6ea12a1ce00147 libs/cache_engine/axes/alloc/axis_06_allocator_slab.hpp
organ 1.0.2.c 6cefe09f8c0af5cd3f91c6ea52ce1db7995fb0ef6d0700486ae7f11e345ef029 libs/cache_engine/axes/alloc/axis_06_allocator_snmalloc.hpp
organ 1.0.2.c 077a5e1bd40c07f06dbbec1bd801cdf081e34fd38b1e520bad880a2c9f49f181 libs/cache_engine/axes/alloc/axis_06_allocator_starmalloc.hpp
organ 1.0.2.c 4592032fa54fd765a73a2d0c115ea93c79e52f212dc2054b480289189b88397b libs/cache_engine/axes/alloc/axis_06_allocator_std_malloc.hpp
organ - 84eeea7dff9d4885d7a62de287ec0e47d950c80e59139733a305dabebdb8a163 libs/cache_engine/axes/alloc/axis_06_allocator_strategy_base.hpp
organ 1.0.2.c 4f524f5ea92284c3f3545dd9458a9f6dfb3295b79d872132f5073d09e07a3d19 libs/cache_engine/axes/alloc/axis_06_allocator_tcmalloc.hpp
organ 1.0.2.c 6e33ba26d0c22c171ab2518e9f89f0dcbf35a04507360f50a8c78041f3bb3eb2 libs/cache_engine/axes/alloc/axis_06_allocator_tcmalloc_wh.hpp
organ 1.0.1.c bfde9ad3f68bbe18f5ed8091c9f214276010fd8dfa62c5c7e19095233af88b33 libs/cache_engine/axes/alloc/axis_06_allocator_vampir_nfp.hpp
organ 1.0.2.c 91042af079b2fd54154812eabb2a72f6342cbbba43a2b380045dafc37c1ac78d libs/cache_engine/axes/alloc/axis_06_allocator_vmem_mag.hpp
organ - 2712c16f2ebefc9339cd84f5da9b2c0ef0a3fc5b62cd3972832fc6a2178a11a1 libs/cache_engine/axes/cache_traversal/axis_03b_cache_traversal_base.hpp
organ 1.0.0.c 2d7005ad861696f2454128c469d1c2aa5f18fbefa5de806d57762c83b708f8f3 libs/cache_engine/axes/cache_traversal/axis_03b_cache_traversal_binary_search_fanout.hpp
organ 1.0.0.c dcf6ba423da6043163f60ddffe299b82253747307f821d183fd28a748767ed38 libs/cache_engine/axes/cache_traversal/axis_03b_cache_traversal_hash_lookup.hpp
organ 1.0.0.c 3cdc1bb614096a67e9bce1ff809f892b053e5e3caf970b0ea81696e4d23205a6 libs/cache_engine/axes/cache_traversal/axis_03b_cache_traversal_linear_fanout.hpp
organ 1.0.0.c 88f4422474c52e069571ec89ca20633551ac5eb9c47530c83637e8b0654a6885 libs/cache_engine/axes/concurrency_axis/axis_08_concurrency_blocking.hpp
organ 1.0.0.c 98f60d03c0128d382f3632e01594738c709d910ef0ea973b30ffea09a0387ad2 libs/cache_engine/axes/concurrency_axis/axis_08_concurrency_hazard_pointer.hpp
organ 1.0.0.c d38987bfcc043ba614647cd8c4b5f9fc23e112eaff3d027a156d5d7273baaa34 libs/cache_engine/axes/concurrency_axis/axis_08_concurrency_lock_free.hpp
organ 1.0.0.c adb39e5f65909ef73b4a263ba24f442ec0ac9c82dbd596bb6c03bcbaef5bfc38 libs/cache_engine/axes/concurrency_axis/axis_08_concurrency_none.hpp
organ - 61469aed6c9afd97f77138408d32f77b4f9e80f101212505de13b806dba8489d libs/cache_engine/axes/concurrency_axis/axis_08_concurrency_observable.hpp
organ 1.0.0.c d89e2d51d1e965bff14af4039b54ae310379e84b63d102b63a779766e3d17f7a libs/cache_engine/axes/concurrency_axis/axis_08_concurrency_olc.hpp
organ 1.0.0.c c6797188070f0c61d4f16ec31f86c7c4a678a822a98d3e36005e2bffde1e2967 libs/cache_engine/axes/concurrency_axis/axis_08_concurrency_olc_reserved_blocks.hpp
organ 1.0.0.c 07690970988a68cd3d549a0d2f7e6cb59f0ed589a7aa1a3521c21ea16718bd27 libs/cache_engine/axes/concurrency_axis/axis_08_concurrency_rcu.hpp
organ 1.0.0.c 3e3fed50149d11e62f85905919f0ce4b8f5111c4851b32ea9e46eccc943ebcfe libs/cache_engine/axes/concurrency_axis/axis_08_concurrency_reader_writer.hpp
organ - c683da09a7e1ac54e64bb955112e99a81204bdbb1fc81c02dadfd4223467871b libs/cache_engine/axes/concurrency_axis/axis_08_concurrency_strategy_base.hpp
organ 1.0.0.c 1b6606d5184a9953dc0c0469a689d2af9965da35ba5f3c5658a8dac278ef7263 libs/cache_engine/axes/concurrency_axis/axis_08_concurrency_wait_free.hpp
organ 1.0.0.c 19b58bd1e24d4d5f2b655d9b1f6953a0ed3250c829b8096d78756aa063edab5a libs/cache_engine/axes/filter_axis/axis_filter_bloom.hpp
organ 1.0.0.c 63a867c8299154cdefc20badac86706fe61e574ba4f7bc7be5a8047ba72ce3df libs/cache_engine/axes/filter_axis/axis_filter_cuckoo.hpp
organ 1.0.0.c fb5d11c37e6125c9e3fafac3a0d2bc446fe301df892caed49ecb6d3bcea39b61 libs/cache_engine/axes/filter_axis/axis_filter_none.hpp
organ - a6a0892f7d2ec5058214eda942496d88959565529748d6f386809cf8e6f39b21 libs/cache_engine/axes/filter_axis/axis_filter_observable.hpp
organ 1.0.0.c 0f4f2fbd0923de2510ec0fe3fe3e717cff1cef327ca80adecdf369a32618ef40 libs/cache_engine/axes/filter_axis/axis_filter_range_surf.hpp
organ - cc0166e59ec924765608ee9e4ee171e0cde92f120e57e360ac250c73772b337a libs/cache_engine/axes/filter_axis/axis_filter_strategy_base.hpp
organ 1.0.0.c 044a585318e8af89434aa06839767de2a132dfcfe67cfcfc6be7d3874ac013ec libs/cache_engine/axes/filter_axis/axis_filter_xor.hpp
organ 1.0.0.c 800c9e50181a08b92fe69c2f6c6638a57e6fb4b11260b52fbdee34e1e28222ad libs/cache_engine/axes/index_organization/axis_01_index_organization_clustered.hpp
organ 1.0.0.c a7c97ce36a3390873e7f20a7622e1b2a725b95349791be14c013364fc9838c7d libs/cache_engine/axes/index_organization/axis_01_index_organization_heap.hpp
organ 1.0.0.c 578e57337835facc4ebe34fbbcc3739ceac2f28c309c63835fca51bd69048f9c libs/cache_engine/axes/index_organization/axis_01_index_organization_index_organized_table.hpp
organ 1.0.0.c ba8d91864669b5fde6f057bf67395f323e8ccc9f1e529b440de18f053a5c94ef libs/cache_engine/axes/index_organization/axis_01_index_organization_non_clustered.hpp
organ - 2e5a4edd6278183e619a767a7cd4b24ef1941baf0905b1c6301ec9ce9c42c253 libs/cache_engine/axes/index_organization/axis_01_index_organization_observable.hpp
organ - f1189b5f9c2845fde711882506214fea122258efed8778a14a82edac5b87dcef libs/cache_engine/axes/index_organization/axis_01_index_organization_strategy_base.hpp
organ 1.0.0.c f624ed6caee5283c618929da63899b0f32da47ac20c9b8f825531b98d5598f1e libs/cache_engine/axes/io_dispatch/axis_io_buffered.hpp
organ 1.0.0.c 5200bd99ff05de022fa9bba88f70479264c5d436d92ab9216b9e3cc99ab852ee libs/cache_engine/axes/io_dispatch/axis_io_direct.hpp
organ - 4d5fe1cae3717444a7fafda9b9c962c5a2f9a5605f202a50c0a49e8aa1e19967 libs/cache_engine/axes/io_dispatch/axis_io_dispatch_observable.hpp
organ 1.0.0.c e4d149595b9e46c9a29e39bdc2f0bd92dec94d416ffa5131b44d02aeba305cf3 libs/cache_engine/axes/io_dispatch/axis_io_in_memory_only.hpp
organ 1.0.0.c c7d6b325e7abbea9ec41d21ea81bd5c8df01c4930382dc1ccb2831f5568ebdb6 libs/cache_engine/axes/io_dispatch/axis_io_mmap.hpp
organ - 25953982b53587020a240092a5179b093225c6427e96c892ce7b5f37c7d57da6 libs/cache_engine/axes/io_dispatch/axis_io_strategy_base.hpp
organ 1.0.0.c b2c86f53b47fcfb907f05e44ef9fde31e10bf8e1e649a85cf64dda961cf9446e libs/cache_engine/axes/layout/axis_05_memory_layout_aos_strict.hpp
organ 1.0.0.c 6cdef8223a8bd0cde9df6ffff9fa673dc2fdefa47c8b0619b1945930ddbf2507 libs/cache_engine/axes/layout/axis_05_memory_layout_aosoa.hpp
organ 1.0.0.c 2a4abf8fdd9407a49a8cfac4df12c2282cafc5c6056db553298be17e3f49be56 libs/cache_engine/axes/layout/axis_05_memory_layout_cache_line_aligned.hpp
organ - 78b60a60ad4eb617cf92d34026807d6b9be94b1a5fde49db365f6131b91ca913 libs/cache_engine/axes/layout/axis_05_memory_layout_observable.hpp
organ 1.0.0.c 192dca6680d5a144823a11ead625e9e9f6471ddaa12bf77b39d10012feee25f7 libs/cache_engine/axes/layout/axis_05_memory_layout_packed_bitmap.hpp
organ 1.0.0.c b0a7998e88baaf284a97f97803edff4293617703a90995f6503e1ceccd83f74f libs/cache_engine/axes/layout/axis_05_memory_layout_soa.hpp
organ - 886c6349dca34b3405b342268869046d6b067f135d2c3ffb6df11f965f542cfa libs/cache_engine/axes/layout/axis_05_memory_layout_strategy_base.hpp
organ 1.0.0.c 1ee7b325c6cbe5b4e5e6c4d4793044db49e13bff297761ea94a17881f02fcc73 libs/cache_engine/axes/lookup/axis_03a_search_algo_array256.hpp
organ 1.0.0.c 00fb9f8af45ab056ac8149547fa13e7024536646a74a686e794795b9a1221263 libs/cache_engine/axes/lookup/axis_03a_search_algo_array65535.hpp
organ - b3c4e49d6f54c28ccf0b21dd1b22b8bffdb7dd1843dfad04d85a8fd1fa1ef447 libs/cache_engine/axes/lookup/axis_03a_search_algo_base.hpp
organ 1.0.0.c 1b98e7ac315c43dac52fd6b2190a876da3e70d7ca16ce9399dc7f77f06377fe3 libs/cache_engine/axes/lookup/axis_03a_search_algo_bst.hpp
organ 1.0.0.c 303a5a8b1b82aff71f9efd1e7cbda04889e3e9c0b9747bc3a39fb09f4b1aaaac libs/cache_engine/axes/lookup/axis_03a_search_algo_btree.hpp
organ 1.0.0.c 42bee08713a207af0028860b1eb85ad2c0bb508f3c646c170efff4ff72dab10d libs/cache_engine/axes/lookup/axis_03a_search_algo_eytzinger.hpp
organ 1.0.0.c 5c1ac39c9f9eef628932e240e212a58fc82cabf4bb96e91eeca6f44fe42967f0 libs/cache_engine/axes/lookup/axis_03a_search_algo_hash_search.hpp
organ 1.0.0.c 55cf9d3c40dd7e7d2eb6edb43564e459d73862b42100a0afad97c6c42860c133 libs/cache_engine/axes/lookup/axis_03a_search_algo_interpolation.hpp
organ 1.0.0.c 1ac63d010d387a9b57cc1963e166e2a7d02643420e3f97715bd93b99b418a606 libs/cache_engine/axes/lookup/axis_03a_search_algo_k_ary.hpp
organ 1.0.0.c 62fb8f343bea413763af7ceeb8db0ece9940b3131613ff497140e36f088ed3a7 libs/cache_engine/axes/lookup/axis_03a_search_algo_linear_scan.hpp
organ 1.0.0.c 8dbafd0ab70c072e2a3ef140fda06bfbaaf6ed10e9d95ae5cb751c3e6862994c libs/cache_engine/axes/lookup/axis_03a_search_algo_original_art.hpp
organ 1.0.0.c 904a679c144d89938d454880d51c0b244c4e1ce7ed6971f52d730b8d93931350 libs/cache_engine/axes/lookup/axis_03a_search_algo_original_hot.hpp
organ 1.0.0.c 9656f7d3316f45068ebbb4b700abdf2c32dd7c75086c367923c77268d901e069 libs/cache_engine/axes/lookup/axis_03a_search_algo_original_start.hpp
organ 1.0.0.c d2b536d7b14ed94c31daf179535f2e3e8942beec6492d083db7decf2ddee21bb libs/cache_engine/axes/lookup/axis_03a_search_algo_original_surf.hpp
organ 1.0.0.c 5f02e4ae9f6787262f3dc073d728016cbb725f1804778431495861391a49e8e6 libs/cache_engine/axes/lookup/axis_03a_search_algo_original_wormhole.hpp
organ 1.0.0.c df0b9dbfa8b073f94fb0cc3105c778ffe82b7e42941e95348440348934112929 libs/cache_engine/axes/lookup/axis_03a_search_algo_skip_list.hpp
organ 1.0.0.c f289f3423560581f13687811c0b30d8c08eeb2d86437a2c9ab780acb6c070819 libs/cache_engine/axes/lookup/axis_03a_search_algo_swisstable.hpp
organ 1.0.0.c bcdc853650ea04552e5f38626dde3643fa8e1871bd01668a9008eea4c5d1e945 libs/cache_engine/axes/lookup/axis_03a_search_algo_vector_u16u16.hpp
organ 1.0.0.c 1d3814f832af9eb70742d64ae463867a773c749be1284dbc1dc20f5bc2cf7c84 libs/cache_engine/axes/lookup/axis_03a_search_algo_vector_u8u8.hpp
organ - 7d7be7cab8451cf774ebdc363229f0c7f4d926e044fba70ee81594ff768cac77 libs/cache_engine/axes/mapping/axis_03m_mapping_base.hpp
organ 1.0.0.c e0a76356dbf4c6202dfc97bfca511e661b02f610e00949949944e01975065c0b libs/cache_engine/axes/mapping/axis_03m_mapping_direct_placement.hpp
organ 1.0.0.c 1dff646d7762a4d8d3962d2fb2c769976d8b3b29cdd60122d1119a45df1da3b2 libs/cache_engine/axes/mapping/axis_03m_mapping_pool_relative.hpp
organ 1.0.0.c 2a3ea1dabd679d1e21fa5017d7d4e86fc297bba6b8c68c1e887a4e505ed9ec76 libs/cache_engine/axes/migration_policy/axis_migration_adaptive.hpp
organ 1.0.0.c 189ee7fc7888bf814e73af674ee723134b93c8dff969c6af89176f49773968b6 libs/cache_engine/axes/migration_policy/axis_migration_hot_cold.hpp
organ 1.0.0.c f14843d447a57b3b5e94849137b302f4d49812530f1b5294f9d166b9434573d0 libs/cache_engine/axes/migration_policy/axis_migration_none.hpp
organ - 7bf3b63d45743ccf1652c3b2bdace59491fd9fa0a8064d3d2149cfdb030dddf4 libs/cache_engine/axes/migration_policy/axis_migration_observable.hpp
organ - 4c4b3ee4576c04d7a41a2631cf84f2d0974b0e725e40f081061f86cfbc1d2d4c libs/cache_engine/axes/migration_policy/axis_migration_strategy_base.hpp
organ 1.0.0.c f359bbad614995f55c41162d68627f5d8dca0047ef3eb7747e4ada32f14ab90c libs/cache_engine/axes/migration_policy/axis_migration_tier_based.hpp
organ 1.0.0.c 1718e75d76ca752ca1e02582f433d132675de248981bb083cde562cc00f6633a libs/cache_engine/axes/node/axis_04_node_type_node16.hpp
organ 1.0.0.c c3c2382e4b69e0cc9fb956da1d1f4ff9a3d4a6f5242f70e3e6b598a86a15180c libs/cache_engine/axes/node/axis_04_node_type_node256.hpp
organ 1.0.0.c 71a45a2ce4eb1bf996a1d47590df2a83e8184a83bd7ca1578fcd5e49cd167421 libs/cache_engine/axes/node/axis_04_node_type_node4.hpp
organ 1.0.0.c 48f65d073a5f93beb753106f25b34eab3bfeda9c6d56a994ad03c7ebcd6d2eed libs/cache_engine/axes/node/axis_04_node_type_node48.hpp
organ - 09ed295dd2787f1ea1be1574e3b54ce33018ba8e1eb8d1a4ed4836bdfa172407 libs/cache_engine/axes/node/axis_04_node_type_observable.hpp
organ - 2707bdeec622982b46aa0ac7cda9705caa6ff6cb9c80f7bb09b01e683de2c28f libs/cache_engine/axes/node/axis_04_node_type_strategy_base.hpp
organ 1.0.0.c 039ca1d1a1a6fb36a99f74140c5313f242d43f5be60281f356dc655533c99f0e libs/cache_engine/axes/path_compression/axis_02_path_compression_byte_wise.hpp
organ 1.0.0.c c7af524af85907ec1cd3a2bbf3f60ae506d8faba4895860b0295d8b394373718 libs/cache_engine/axes/path_compression/axis_02_path_compression_none.hpp
organ - a4380678bda5951c30934d23c45e7ef1c1436ccb9083aa977fb46c6884cdb327 libs/cache_engine/axes/path_compression/axis_02_path_compression_observable.hpp
organ 1.0.0.c 8afefcf4cbbe544a09d072149706fa223f0e434e51da211e571de046338e8274 libs/cache_engine/axes/path_compression/axis_02_path_compression_patricia.hpp
organ - bcad83f9ef61b9aa7df29e30565726a9026219d74303fadb6b575f59d5e8e7d5 libs/cache_engine/axes/path_compression/axis_02_path_compression_strategy_base.hpp
organ 1.0.0.c 778354f16cbda08bed5e4b8738e7aa659bb6180b6a62a9b3ad63e70e795d3921 libs/cache_engine/axes/persistence_target/axis_persistence_target_disk_writeback.hpp
organ 1.0.0.c c2ffdf245cf8db5a9d2307d2b5aab58f6eeae8130151b52aece6e4ff710b61fc libs/cache_engine/axes/persistence_target/axis_persistence_target_memory_only.hpp
organ - 468e9b87cf3914ddef74ab3ec1c8e8481d9ccd6111e62411cc79692da27755c5 libs/cache_engine/axes/persistence_target/axis_persistence_target_observable.hpp
organ - 631b5f1fef0cc9f3552aea4eac3533136c54414e1d89e57e448efd9093b588f8 libs/cache_engine/axes/persistence_target/axis_persistence_target_strategy_base.hpp
organ 1.0.0.c 1b4411c337f65b5224fdf86308442f8c095c720d97fd4c43107648d84f9de317 libs/cache_engine/axes/prefetch_axis/axis_07_prefetch_distance_estimator.hpp
organ 1.0.0.c e3c87f04b730e40dfd1a0382a3f95791d25610e6746de580b4bdbe7894fc3b72 libs/cache_engine/axes/prefetch_axis/axis_07_prefetch_hardware_prefetch.hpp
organ 1.0.0.c b3825e552bbddf7fe57a885b48ccfb41944ad812e9a7c5e92c9eac0ccaf92a54 libs/cache_engine/axes/prefetch_axis/axis_07_prefetch_none.hpp
organ - 4d4d7784ea4cc468aaecd83ab31d24404f95a572ad06bad714dd224a186f9392 libs/cache_engine/axes/prefetch_axis/axis_07_prefetch_observable.hpp
organ 1.0.0.c 4526112f5a88bbae3334b28927e4345cae32b5c9093c833f426f245fa84e6666 libs/cache_engine/axes/prefetch_axis/axis_07_prefetch_path_oriented.hpp
organ - 7d7855be3691ac7dbf8b9aed4e0368d76425930114f7768e84f7b31539d0dfb7 libs/cache_engine/axes/prefetch_axis/axis_07_prefetch_strategy_base.hpp
organ 1.0.0.c e49b3988cb2bc147ddeb11d615ae2342f668e619d35f007789ec6a41c4b28466 libs/cache_engine/axes/serialization_axis/axis_10_serialization_compressed.hpp
organ - 97897ff21f58c547bf974801d99109ada810d9ed6a94b5de16f1b35be32fa6ec libs/cache_engine/axes/serialization_axis/axis_10_serialization_observable.hpp
organ 1.0.0.c 8877e8797ba21b030a83a7fef3f8d570c131b3d7720bc7fa2d80ed1b42a90e7d libs/cache_engine/axes/serialization_axis/axis_10_serialization_raw_binary.hpp
organ - 115f12e6bd60b7760518552752b25d03392c9f4930ce44ff9f93f5f2f878dd96 libs/cache_engine/axes/serialization_axis/axis_10_serialization_strategy_base.hpp
organ 1.0.0.c fd8fbaa9c661b26e5ca2e67bd095c7d7c7ea0c11939dde07f4f1b0792d06b2c6 libs/cache_engine/axes/serialization_axis/axis_10_serialization_succinct.hpp
organ 1.0.0.c e21a26d9f975ab6e66d5f3c5dde8b050bf8d8e36e71d67c02b2bd71f82660dcb libs/cache_engine/axes/serialization_axis/axis_10_serialization_var_len.hpp
organ 1.0.0.c ffef8f9b9cd771486dde0acf6215ecf61affdf5ab90ace6fe0d832b098fc6da1 libs/cache_engine/axes/value_handle_axis/axis_14_value_handle_chain_ref.hpp
organ 1.0.0.c f5bdab64eef34e879fa00d684a88a33bb1ad8f2248dbfa364a8211bee2ac979f libs/cache_engine/axes/value_handle_axis/axis_14_value_handle_external_pool.hpp
organ 1.0.0.c dbaf3e155ed3d24bc911896edde74a43c92324efb56e216f1a0551d88521bcd0 libs/cache_engine/axes/value_handle_axis/axis_14_value_handle_immutable_shared_ref.hpp
organ 1.0.0.c 96636cc916c291c1278b875f43ef21afd56f9b87cfb67b00d6a22cdc2151eaf3 libs/cache_engine/axes/value_handle_axis/axis_14_value_handle_inline.hpp
organ - 8930b5237d43127a63b3ff2fcb95c704b096880e0761edcd52dcacb436d97e49 libs/cache_engine/axes/value_handle_axis/axis_14_value_handle_observable.hpp
organ - 7a74bb87d59b6d88eea5a0683e56e8b0ffd4385a37f31a147dcbb88ccf59d427 libs/cache_engine/axes/value_handle_axis/axis_14_value_handle_strategy_base.hpp
organ 1.0.0.c f8e1e1717d6addca6e82884a64e47f3b575c296f7fdab0eda957e130902549e7 libs/cache_engine/axes/value_handle_axis/axis_14_value_handle_versioned_pointer.hpp
heuristik 2 367ee40310c4c1cc524c734515a3b1776490c2c7b66c0c7c2d55b2e0b97d9dd1 libs/cache_engine/heuristik/axis_optimization_catalog.hpp
heuristik 1 854cc453f715eff63dbbcff93b26242b6ee59eddb56edd41487b28c5c66c067c libs/cache_engine/heuristik/axis_spline.hpp
heuristik 2 4419e7aa615178bb2cb6b38c6be7dab4450c48884c36f96c7e1ad8d2b0deef01 libs/cache_engine/heuristik/break_even.hpp
heuristik 2 0a5cf55263d9249640c505d4c066638c0664525bc2a9d7081168569730f4cd48 libs/cache_engine/heuristik/measurement_curve_loader.hpp
heuristik 1 18e7adb5b3c7d255747f0f4d471db3c0ef7610d0f401f050693eb7a6693cc512 libs/cache_engine/heuristik/workload_cluster_offline.hpp
heuristik 1 4d618f9f9a21c0e6f52df38803fb377ba6d29f14f77d339795983c5a8a48e1da libs/cache_engine/heuristik/workload_feature_vector.hpp
organ 1.0.0.c a9e69e9b8bf563d01a2ba5bd783d7d00c8ad7e41ec90c35f11f8dfd578cdae6e libs/cache_engine/topics/queuing/axis_q1_queuing/axis_q1_queuing_append_only.hpp
organ - 189a18080be1bbbd14300e37187b326ecf05f839bb1a27caff81db76ff2d81bf libs/cache_engine/topics/queuing/axis_q1_queuing/axis_q1_queuing_base.hpp
organ 1.0.0.c ae4afb59d6bbdd0ac5cb08fb6d2ec0ac30847241672bf9f0b17e64292f64b2ea libs/cache_engine/topics/queuing/axis_q1_queuing/axis_q1_queuing_batched_insert_buffer.hpp
organ 1.0.0.c 27ccea845e8a879bb848a0608a2daae42e193f7c5a5e6b26ee6193422d0bac96 libs/cache_engine/topics/queuing/axis_q1_queuing/axis_q1_queuing_bounded_ring.hpp
organ 1.0.0.c ad2aec1601072042b37e24479bcfc8b5b1786e18428ac96ca5526311695ed357 libs/cache_engine/topics/queuing/axis_q1_queuing/axis_q1_queuing_copy_on_write.hpp
organ 1.0.0.c 384fdf8dbd8560160aa22d44e788a5a171fccfcc0cd217ea3641e6d7ce439479 libs/cache_engine/topics/queuing/axis_q1_queuing/axis_q1_queuing_delta_chain.hpp
organ 1.0.0.c 04fba49781239e686de104f9ce045b67a1eee2ec52365f70b807e6b97ac080fb libs/cache_engine/topics/queuing/axis_q1_queuing/axis_q1_queuing_epoch_buffer.hpp
organ 1.0.0.c f0f02cf54a5379cf145182526a6459f226e7ff424aa452478dff42b4019685a7 libs/cache_engine/topics/queuing/axis_q1_queuing/axis_q1_queuing_fifo.hpp
organ 1.0.0.c ac33962431809b3931468b460f1adfdd4a97bf63858969c411defcb0ee7c0161 libs/cache_engine/topics/queuing/axis_q1_queuing/axis_q1_queuing_lifo.hpp
organ 1.0.0.c 09a44820512de52b9660063aa9f13b1745fe523a714856b60831c808ad7a605f libs/cache_engine/topics/queuing/axis_q1_queuing/axis_q1_queuing_lockfree_mpmc.hpp
organ 1.0.0.c 06ebfb0a4063e2d91c1580bd54b47bd838b792cd33163cceb240567f252f0472 libs/cache_engine/topics/queuing/axis_q1_queuing/axis_q1_queuing_lockfree_spsc.hpp
organ 1.0.0.c d657d9154f262b46455ae9746fdaad85969fe2277cb9468c042c866ae7377f5f libs/cache_engine/topics/queuing/axis_q1_queuing/axis_q1_queuing_no_buffer.hpp
organ 1.0.0.c 10839dde60ed43003135ff55738677498b29d9a0534b80a59813683208e551d3 libs/cache_engine/topics/queuing/axis_q1_queuing/axis_q1_queuing_original_concurrentqueue.hpp
organ 1.0.0.c 35d24b0ecf3f6eb9700e1d508afd80f829865c4372a7ca23fb0288a166dc8410 libs/cache_engine/topics/queuing/axis_q1_queuing/axis_q1_queuing_priority_heap.hpp
organ 1.0.0.c e25745f8dbe3ba985ba56f68a2be4c9a1b97f8da00c47a556bf7ed11c186eaee libs/cache_engine/topics/queuing/axis_q1_queuing/axis_q1_queuing_skiplist_buffer.hpp
organ 1.0.0.c 100c34f0c95cf2e67c11379dd85261563f9b58b1192214e3dec6572fe925ac01 libs/cache_engine/topics/queuing/axis_q1_queuing/axis_q1_queuing_tombstone_buffer.hpp
organ 1.0.0.c ae3bde59739d0a1985e4541a28ca8dceb3dcfc9fc67f69199bade342db4e38a9 libs/cache_engine/topics/queuing/axis_q2_queuing/axis_q2_queuing_adaptive_lsm.hpp
organ 1.0.0.c 754c51212be8f04bf90a8b1b97e002c403dee78a804382635319ae401b133af3 libs/cache_engine/topics/queuing/axis_q2_queuing/axis_q2_queuing_eager.hpp
organ 1.0.0.c 0f89c73bd599ea8cdf6b93d59b98fd52fb751f8410ce992498877fd5bf58bc47 libs/cache_engine/topics/queuing/axis_q2_queuing/axis_q2_queuing_lazy.hpp
organ - 7b58ea762f35ef807a63bc21d5f63788b9bfbe65c5a86ab2a2c05bea9933c084 libs/cache_engine/topics/queuing/axis_q2_queuing/axis_q2_queuing_strategy_base.hpp
organ 1.0.0.c af10f587cf3f5117a3f3c73a157360f43c45a519df81ef69f5fd43262dc08394 libs/cache_engine/topics/queuing/axis_q2_queuing/axis_q2_queuing_timed.hpp
organ 1.0.0.c b4645403735e0b1f5df0c5f735a4cc27da27bd681ed85380f11603814aeb4487 libs/cache_engine/topics/queuing/axis_q2_queuing/axis_q2_queuing_watermark.hpp
