# axis_version.lock -- GN-8/O-4 content-digest tripwire (PAKET W3-C, Ledger Sec.32-F4)
# format: v1
# fields per line: <algo_version> <sha256-hex> <relative-path>
1 854cc453f715eff63dbbcff93b26242b6ee59eddb56edd41487b28c5c66c067c libs/cache_engine/heuristik/axis_spline.hpp
1 c0c059562be09f6004ecaca60680164962fe44d490e16fe258950eebac1cef62 libs/cache_engine/heuristik/break_even.hpp
1 274b3a398bff338a92adecf764407c1c07e00104818933dd77e9ae7693a97613 libs/cache_engine/heuristik/measurement_curve_loader.hpp
